
Microsoft Visual Studio Solution File, Format Version 12.00
# Visual Studio 2012
Project("{8BC9CEB8-8B4A-11D0-8D11-00A0C91BC942}") = "TaskMgr", "TaskMgr\TaskMgr.vcxproj", "{0A4DF881-EF76-4205-BB17-C099C7E14698}"
EndProject
Global
	GlobalSection(SolutionConfigurationPlatforms) = preSolution
		Debug|Win32 = Debug|Win32
		Release|Win32 = Release|Win32
	EndGlobalSection
	GlobalSection(ProjectConfigurationPlatforms) = postSolution
		{0A4DF881-EF76-4205-BB17-C099C7E14698}.Debug|Win32.ActiveCfg = Debug|Win32
		{0A4DF881-EF76-4205-BB17-C099C7E14698}.Debug|Win32.Build.0 = Debug|Win32
		{0A4DF881-EF76-4205-BB17-C099C7E14698}.Release|Win32.ActiveCfg = Release|Win32
		{0A4DF881-EF76-4205-BB17-C099C7E14698}.Release|Win32.Build.0 = Release|Win32
	EndGlobalSection
	GlobalSection(SolutionProperties) = preSolution
		HideSolutionNode = FALSE
	EndGlobalSection
EndGlobal
